
Microsoft Visual Studio Solution File, Format Version 12.00
# Visual Studio 15
VisualStudioVersion = 15.0.28307.489
MinimumVisualStudioVersion = 10.0.40219.1
Project("{FAE04EC0-301F-11D3-BF4B-00C04F79EFBC}") = "HexagonDrawing", "HexagonDrawing\HexagonDrawing.csproj", "{2489694F-984D-4C53-8E6B-0D0CDD8D535B}"
EndProject
Global
	GlobalSection(SolutionConfigurationPlatforms) = preSolution
		Debug|Any CPU = Debug|Any CPU
		Release|Any CPU = Release|Any CPU
	EndGlobalSection
	GlobalSection(ProjectConfigurationPlatforms) = postSolution
		{2489694F-984D-4C53-8E6B-0D0CDD8D535B}.Debug|Any CPU.ActiveCfg = Debug|Any CPU
		{2489694F-984D-4C53-8E6B-0D0CDD8D535B}.Debug|Any CPU.Build.0 = Debug|Any CPU
		{2489694F-984D-4C53-8E6B-0D0CDD8D535B}.Release|Any CPU.ActiveCfg = Release|Any CPU
		{2489694F-984D-4C53-8E6B-0D0CDD8D535B}.Release|Any CPU.Build.0 = Release|Any CPU
	EndGlobalSection
	GlobalSection(SolutionProperties) = preSolution
		HideSolutionNode = FALSE
	EndGlobalSection
	GlobalSection(ExtensibilityGlobals) = postSolution
		SolutionGuid = {10F8EEFC-474D-4832-9615-11906D79B46B}
	EndGlobalSection
EndGlobal
