
Microsoft Visual Studio Solution File, Format Version 12.00
# Visual Studio 15
VisualStudioVersion = 15.0.28307.168
MinimumVisualStudioVersion = 10.0.40219.1
Project("{FAE04EC0-301F-11D3-BF4B-00C04F79EFBC}") = "AngleTest", "AngleTest\AngleTest.csproj", "{D769C241-BE6F-4B8D-8295-202F9B2727CF}"
EndProject
Global
	GlobalSection(SolutionConfigurationPlatforms) = preSolution
		Debug|Any CPU = Debug|Any CPU
		Release|Any CPU = Release|Any CPU
	EndGlobalSection
	GlobalSection(ProjectConfigurationPlatforms) = postSolution
		{D769C241-BE6F-4B8D-8295-202F9B2727CF}.Debug|Any CPU.ActiveCfg = Debug|Any CPU
		{D769C241-BE6F-4B8D-8295-202F9B2727CF}.Debug|Any CPU.Build.0 = Debug|Any CPU
		{D769C241-BE6F-4B8D-8295-202F9B2727CF}.Release|Any CPU.ActiveCfg = Release|Any CPU
		{D769C241-BE6F-4B8D-8295-202F9B2727CF}.Release|Any CPU.Build.0 = Release|Any CPU
	EndGlobalSection
	GlobalSection(SolutionProperties) = preSolution
		HideSolutionNode = FALSE
	EndGlobalSection
	GlobalSection(ExtensibilityGlobals) = postSolution
		SolutionGuid = {BCF35DF8-57D9-4604-82B1-6FD1CDFE5EC4}
	EndGlobalSection
EndGlobal
