
Microsoft Visual Studio Solution File, Format Version 12.00
# Visual Studio 15
VisualStudioVersion = 15.0.28307.168
MinimumVisualStudioVersion = 10.0.40219.1
Project("{FAE04EC0-301F-11D3-BF4B-00C04F79EFBC}") = "Number e Console", "Number e Console\Number e Console.csproj", "{8E2DE902-F52D-4900-8390-CFFDB319499D}"
EndProject
Global
	GlobalSection(SolutionConfigurationPlatforms) = preSolution
		Debug|Any CPU = Debug|Any CPU
		Release|Any CPU = Release|Any CPU
	EndGlobalSection
	GlobalSection(ProjectConfigurationPlatforms) = postSolution
		{8E2DE902-F52D-4900-8390-CFFDB319499D}.Debug|Any CPU.ActiveCfg = Debug|Any CPU
		{8E2DE902-F52D-4900-8390-CFFDB319499D}.Debug|Any CPU.Build.0 = Debug|Any CPU
		{8E2DE902-F52D-4900-8390-CFFDB319499D}.Release|Any CPU.ActiveCfg = Release|Any CPU
		{8E2DE902-F52D-4900-8390-CFFDB319499D}.Release|Any CPU.Build.0 = Release|Any CPU
	EndGlobalSection
	GlobalSection(SolutionProperties) = preSolution
		HideSolutionNode = FALSE
	EndGlobalSection
	GlobalSection(ExtensibilityGlobals) = postSolution
		SolutionGuid = {4C5711E9-966D-4542-9F5D-E267CD871C03}
	EndGlobalSection
EndGlobal
