
Microsoft Visual Studio Solution File, Format Version 12.00
# Visual Studio 15
VisualStudioVersion = 15.0.28010.2026
MinimumVisualStudioVersion = 10.0.40219.1
Project("{FAE04EC0-301F-11D3-BF4B-00C04F79EFBC}") = "DNA", "DNA\DNA.csproj", "{80CE47FF-B613-4764-92A4-2ACCA1F49248}"
EndProject
Global
	GlobalSection(SolutionConfigurationPlatforms) = preSolution
		Debug|Any CPU = Debug|Any CPU
		Release|Any CPU = Release|Any CPU
	EndGlobalSection
	GlobalSection(ProjectConfigurationPlatforms) = postSolution
		{80CE47FF-B613-4764-92A4-2ACCA1F49248}.Debug|Any CPU.ActiveCfg = Debug|Any CPU
		{80CE47FF-B613-4764-92A4-2ACCA1F49248}.Debug|Any CPU.Build.0 = Debug|Any CPU
		{80CE47FF-B613-4764-92A4-2ACCA1F49248}.Release|Any CPU.ActiveCfg = Release|Any CPU
		{80CE47FF-B613-4764-92A4-2ACCA1F49248}.Release|Any CPU.Build.0 = Release|Any CPU
	EndGlobalSection
	GlobalSection(SolutionProperties) = preSolution
		HideSolutionNode = FALSE
	EndGlobalSection
	GlobalSection(ExtensibilityGlobals) = postSolution
		SolutionGuid = {33B78174-EA9D-464D-8FFA-DB120BC660C1}
	EndGlobalSection
EndGlobal
