
Microsoft Visual Studio Solution File, Format Version 12.00
# Visual Studio 15
Project("{FAE04EC0-301F-11D3-BF4B-00C04F79EFBC}") = "Rot13_Algorithm", "Rot13_Algorithm\Rot13_Algorithm.csproj", "{8C0E7610-44E7-42E2-8750-5666FC62A9A0}"
EndProject
Global
	GlobalSection(SolutionConfigurationPlatforms) = preSolution
		Debug|Any CPU = Debug|Any CPU
		Release|Any CPU = Release|Any CPU
	EndGlobalSection
	GlobalSection(ProjectConfigurationPlatforms) = postSolution
		{8C0E7610-44E7-42E2-8750-5666FC62A9A0}.Debug|Any CPU.ActiveCfg = Debug|Any CPU
		{8C0E7610-44E7-42E2-8750-5666FC62A9A0}.Debug|Any CPU.Build.0 = Debug|Any CPU
		{8C0E7610-44E7-42E2-8750-5666FC62A9A0}.Release|Any CPU.ActiveCfg = Release|Any CPU
		{8C0E7610-44E7-42E2-8750-5666FC62A9A0}.Release|Any CPU.Build.0 = Release|Any CPU
	EndGlobalSection
EndGlobal
